
Microsoft Visual Studio Solution File, Format Version 12.00
# Visual Studio Version 17
VisualStudioVersion = 17.2.32630.192
MinimumVisualStudioVersion = 10.0.40219.1
Project("{9A19103F-16F7-4668-BE54-9A1E7A4F7556}") = "API", "API\API.csproj", "{0CDBF3DE-4881-4A11-BB58-4E07576A633C}"
EndProject
Project("{9A19103F-16F7-4668-BE54-9A1E7A4F7556}") = "Infrastructure", "Infrastructure\Infrastructure.csproj", "{C9A2B38A-8962-4056-8130-488D194D8F79}"
EndProject
Project("{9A19103F-16F7-4668-BE54-9A1E7A4F7556}") = "Core", "Core\Core.csproj", "{CD8517FC-B4AA-4064-9129-E9BF41B9D037}"
EndProject
Global
	GlobalSection(SolutionConfigurationPlatforms) = preSolution
		Debug|Any CPU = Debug|Any CPU
		Release|Any CPU = Release|Any CPU
	EndGlobalSection
	GlobalSection(ProjectConfigurationPlatforms) = postSolution
		{0CDBF3DE-4881-4A11-BB58-4E07576A633C}.Debug|Any CPU.ActiveCfg = Debug|Any CPU
		{0CDBF3DE-4881-4A11-BB58-4E07576A633C}.Debug|Any CPU.Build.0 = Debug|Any CPU
		{0CDBF3DE-4881-4A11-BB58-4E07576A633C}.Release|Any CPU.ActiveCfg = Release|Any CPU
		{0CDBF3DE-4881-4A11-BB58-4E07576A633C}.Release|Any CPU.Build.0 = Release|Any CPU
		{C9A2B38A-8962-4056-8130-488D194D8F79}.Debug|Any CPU.ActiveCfg = Debug|Any CPU
		{C9A2B38A-8962-4056-8130-488D194D8F79}.Debug|Any CPU.Build.0 = Debug|Any CPU
		{C9A2B38A-8962-4056-8130-488D194D8F79}.Release|Any CPU.ActiveCfg = Release|Any CPU
		{C9A2B38A-8962-4056-8130-488D194D8F79}.Release|Any CPU.Build.0 = Release|Any CPU
		{CD8517FC-B4AA-4064-9129-E9BF41B9D037}.Debug|Any CPU.ActiveCfg = Debug|Any CPU
		{CD8517FC-B4AA-4064-9129-E9BF41B9D037}.Debug|Any CPU.Build.0 = Debug|Any CPU
		{CD8517FC-B4AA-4064-9129-E9BF41B9D037}.Release|Any CPU.ActiveCfg = Release|Any CPU
		{CD8517FC-B4AA-4064-9129-E9BF41B9D037}.Release|Any CPU.Build.0 = Release|Any CPU
	EndGlobalSection
	GlobalSection(SolutionProperties) = preSolution
		HideSolutionNode = FALSE
	EndGlobalSection
	GlobalSection(ExtensibilityGlobals) = postSolution
		SolutionGuid = {2018B1A7-FEA7-4BFF-AADC-0C74AEC3DF39}
	EndGlobalSection
EndGlobal
